// !$*UTF8*$!
{
	archiveVersion = 1;
	classes = {
	};
	objectVersion = 50;
	objects = {

/* Begin PBXBuildFile section */
		3902FFDE246666D1000E8C7C /* peprocessor.cpp in Sources */ = {isa = PBXBuildFile; fileRef = 3902FF9C246666D1000E8C7C /* peprocessor.cpp */; };
		3902FFDF246666D1000E8C7C /* jsonreporter.cpp in Sources */ = {isa = PBXBuildFile; fileRef = 3902FF9D246666D1000E8C7C /* jsonreporter.cpp */; };
		3902FFE0246666D1000E8C7C /* threadconfig.cpp in Sources */ = {isa = PBXBuildFile; fileRef = 3902FFA1246666D1000E8C7C /* threadconfig.cpp */; };
		3902FFE1246666D1000E8C7C /* basecorrector.cpp in Sources */ = {isa = PBXBuildFile; fileRef = 3902FFA2246666D1000E8C7C /* basecorrector.cpp */; };
		3902FFE2246666D1000E8C7C /* seprocessor.cpp in Sources */ = {isa = PBXBuildFile; fileRef = 3902FFA4246666D1000E8C7C /* seprocessor.cpp */; };
		3902FFE3246666D1000E8C7C /* writerthread.cpp in Sources */ = {isa = PBXBuildFile; fileRef = 3902FFA5246666D1000E8C7C /* writerthread.cpp */; };
		3902FFE4246666D1000E8C7C /* overlapanalysis.cpp in Sources */ = {isa = PBXBuildFile; fileRef = 3902FFA7246666D1000E8C7C /* overlapanalysis.cpp */; };
		3902FFE5246666D1000E8C7C /* adaptertrimmer.cpp in Sources */ = {isa = PBXBuildFile; fileRef = 3902FFA8246666D1000E8C7C /* adaptertrimmer.cpp */; };
		3902FFE6246666D1000E8C7C /* read.cpp in Sources */ = {isa = PBXBuildFile; fileRef = 3902FFA9246666D1000E8C7C /* read.cpp */; };
		3902FFE7246666D1000E8C7C /* processor.cpp in Sources */ = {isa = PBXBuildFile; fileRef = 3902FFAD246666D1000E8C7C /* processor.cpp */; };
		3902FFE8246666D1000E8C7C /* stats.cpp in Sources */ = {isa = PBXBuildFile; fileRef = 3902FFAE246666D1000E8C7C /* stats.cpp */; };
		3902FFE9246666D1000E8C7C /* htmlreporter.cpp in Sources */ = {isa = PBXBuildFile; fileRef = 3902FFB3246666D1000E8C7C /* htmlreporter.cpp */; };
		3902FFEA246666D1000E8C7C /* fastqreader.cpp in Sources */ = {isa = PBXBuildFile; fileRef = 3902FFB4246666D1000E8C7C /* fastqreader.cpp */; };
		3902FFEB246666D1000E8C7C /* options.cpp in Sources */ = {isa = PBXBuildFile; fileRef = 3902FFB5246666D1000E8C7C /* options.cpp */; };
		3902FFEC246666D1000E8C7C /* umiprocessor.cpp in Sources */ = {isa = PBXBuildFile; fileRef = 3902FFB7246666D1000E8C7C /* umiprocessor.cpp */; };
		3902FFED246666D1000E8C7C /* filter.cpp in Sources */ = {isa = PBXBuildFile; fileRef = 3902FFB9246666D1000E8C7C /* filter.cpp */; };
		3902FFEE246666D1000E8C7C /* evaluator.cpp in Sources */ = {isa = PBXBuildFile; fileRef = 3902FFC6246666D1000E8C7C /* evaluator.cpp */; };
		3902FFEF246666D1000E8C7C /* fastareader.cpp in Sources */ = {isa = PBXBuildFile; fileRef = 3902FFC7246666D1000E8C7C /* fastareader.cpp */; };
		3902FFF0246666D1000E8C7C /* sequence.cpp in Sources */ = {isa = PBXBuildFile; fileRef = 3902FFC8246666D1000E8C7C /* sequence.cpp */; };
		3902FFF1246666D1000E8C7C /* filterresult.cpp in Sources */ = {isa = PBXBuildFile; fileRef = 3902FFC9246666D1000E8C7C /* filterresult.cpp */; };
		3902FFF2246666D1000E8C7C /* duplicate.cpp in Sources */ = {isa = PBXBuildFile; fileRef = 3902FFCB246666D1000E8C7C /* duplicate.cpp */; };
		3902FFF3246666D1000E8C7C /* nucleotidetree.cpp in Sources */ = {isa = PBXBuildFile; fileRef = 3902FFD2246666D1000E8C7C /* nucleotidetree.cpp */; };
		3902FFF4246666D1000E8C7C /* main.cpp in Sources */ = {isa = PBXBuildFile; fileRef = 3902FFD4246666D1000E8C7C /* main.cpp */; };
		3902FFF5246666D1000E8C7C /* unittest.cpp in Sources */ = {isa = PBXBuildFile; fileRef = 3902FFD9246666D1000E8C7C /* unittest.cpp */; };
		3902FFF6246666D1000E8C7C /* writer.cpp in Sources */ = {isa = PBXBuildFile; fileRef = 3902FFDA246666D1000E8C7C /* writer.cpp */; };
		3902FFF7246666D1000E8C7C /* polyx.cpp in Sources */ = {isa = PBXBuildFile; fileRef = 3902FFDD246666D1000E8C7C /* polyx.cpp */; };
		3902FFF924666E1F000E8C7C /* test_readfastq_main.cpp in Sources */ = {isa = PBXBuildFile; fileRef = 3902FFF824666E1F000E8C7C /* test_readfastq_main.cpp */; };
		3902FFFD246680F4000E8C7C /* test_read.cpp in Sources */ = {isa = PBXBuildFile; fileRef = 3902FFFC246680F4000E8C7C /* test_read.cpp */; };
/* End PBXBuildFile section */

/* Begin PBXCopyFilesBuildPhase section */
		3902FF8C246664AD000E8C7C /* CopyFiles */ = {
			isa = PBXCopyFilesBuildPhase;
			buildActionMask = 2147483647;
			dstPath = /usr/share/man/man1/;
			dstSubfolderSpec = 0;
			files = (
			);
			runOnlyForDeploymentPostprocessing = 1;
		};
/* End PBXCopyFilesBuildPhase section */

/* Begin PBXFileReference section */
		3902FF8E246664AD000E8C7C /* fastq */ = {isa = PBXFileReference; explicitFileType = "compiled.mach-o.executable"; includeInIndex = 0; path = fastq; sourceTree = BUILT_PRODUCTS_DIR; };
		3902FF9B246666D1000E8C7C /* writerthread.h */ = {isa = PBXFileReference; fileEncoding = 4; lastKnownFileType = sourcecode.c.h; path = writerthread.h; sourceTree = "<group>"; };
		3902FF9C246666D1000E8C7C /* peprocessor.cpp */ = {isa = PBXFileReference; fileEncoding = 4; lastKnownFileType = sourcecode.cpp.cpp; path = peprocessor.cpp; sourceTree = "<group>"; };
		3902FF9D246666D1000E8C7C /* jsonreporter.cpp */ = {isa = PBXFileReference; fileEncoding = 4; lastKnownFileType = sourcecode.cpp.cpp; path = jsonreporter.cpp; sourceTree = "<group>"; };
		3902FF9E246666D1000E8C7C /* evaluator.h */ = {isa = PBXFileReference; fileEncoding = 4; lastKnownFileType = sourcecode.c.h; path = evaluator.h; sourceTree = "<group>"; };
		3902FF9F246666D1000E8C7C /* fastareader.h */ = {isa = PBXFileReference; fileEncoding = 4; lastKnownFileType = sourcecode.c.h; path = fastareader.h; sourceTree = "<group>"; };
		3902FFA0246666D1000E8C7C /* seprocessor.h */ = {isa = PBXFileReference; fileEncoding = 4; lastKnownFileType = sourcecode.c.h; path = seprocessor.h; sourceTree = "<group>"; };
		3902FFA1246666D1000E8C7C /* threadconfig.cpp */ = {isa = PBXFileReference; fileEncoding = 4; lastKnownFileType = sourcecode.cpp.cpp; path = threadconfig.cpp; sourceTree = "<group>"; };
		3902FFA2246666D1000E8C7C /* basecorrector.cpp */ = {isa = PBXFileReference; fileEncoding = 4; lastKnownFileType = sourcecode.cpp.cpp; path = basecorrector.cpp; sourceTree = "<group>"; };
		3902FFA3246666D1000E8C7C /* processor.h */ = {isa = PBXFileReference; fileEncoding = 4; lastKnownFileType = sourcecode.c.h; path = processor.h; sourceTree = "<group>"; };
		3902FFA4246666D1000E8C7C /* seprocessor.cpp */ = {isa = PBXFileReference; fileEncoding = 4; lastKnownFileType = sourcecode.cpp.cpp; path = seprocessor.cpp; sourceTree = "<group>"; };
		3902FFA5246666D1000E8C7C /* writerthread.cpp */ = {isa = PBXFileReference; fileEncoding = 4; lastKnownFileType = sourcecode.cpp.cpp; path = writerthread.cpp; sourceTree = "<group>"; };
		3902FFA6246666D1000E8C7C /* htmlreporter.h */ = {isa = PBXFileReference; fileEncoding = 4; lastKnownFileType = sourcecode.c.h; path = htmlreporter.h; sourceTree = "<group>"; };
		3902FFA7246666D1000E8C7C /* overlapanalysis.cpp */ = {isa = PBXFileReference; fileEncoding = 4; lastKnownFileType = sourcecode.cpp.cpp; path = overlapanalysis.cpp; sourceTree = "<group>"; };
		3902FFA8246666D1000E8C7C /* adaptertrimmer.cpp */ = {isa = PBXFileReference; fileEncoding = 4; lastKnownFileType = sourcecode.cpp.cpp; path = adaptertrimmer.cpp; sourceTree = "<group>"; };
		3902FFA9246666D1000E8C7C /* read.cpp */ = {isa = PBXFileReference; fileEncoding = 4; lastKnownFileType = sourcecode.cpp.cpp; path = read.cpp; sourceTree = "<group>"; };
		3902FFAA246666D1000E8C7C /* basecorrector.h */ = {isa = PBXFileReference; fileEncoding = 4; lastKnownFileType = sourcecode.c.h; path = basecorrector.h; sourceTree = "<group>"; };
		3902FFAB246666D1000E8C7C /* threadconfig.h */ = {isa = PBXFileReference; fileEncoding = 4; lastKnownFileType = sourcecode.c.h; path = threadconfig.h; sourceTree = "<group>"; };
		3902FFAC246666D1000E8C7C /* nucleotidetree.h */ = {isa = PBXFileReference; fileEncoding = 4; lastKnownFileType = sourcecode.c.h; path = nucleotidetree.h; sourceTree = "<group>"; };
		3902FFAD246666D1000E8C7C /* processor.cpp */ = {isa = PBXFileReference; fileEncoding = 4; lastKnownFileType = sourcecode.cpp.cpp; path = processor.cpp; sourceTree = "<group>"; };
		3902FFAE246666D1000E8C7C /* stats.cpp */ = {isa = PBXFileReference; fileEncoding = 4; lastKnownFileType = sourcecode.cpp.cpp; path = stats.cpp; sourceTree = "<group>"; };
		3902FFAF246666D1000E8C7C /* cmdline.h */ = {isa = PBXFileReference; fileEncoding = 4; lastKnownFileType = sourcecode.c.h; path = cmdline.h; sourceTree = "<group>"; };
		3902FFB0246666D1000E8C7C /* adaptertrimmer.h */ = {isa = PBXFileReference; fileEncoding = 4; lastKnownFileType = sourcecode.c.h; path = adaptertrimmer.h; sourceTree = "<group>"; };
		3902FFB1246666D1000E8C7C /* unittest.h */ = {isa = PBXFileReference; fileEncoding = 4; lastKnownFileType = sourcecode.c.h; path = unittest.h; sourceTree = "<group>"; };
		3902FFB2246666D1000E8C7C /* peprocessor.h */ = {isa = PBXFileReference; fileEncoding = 4; lastKnownFileType = sourcecode.c.h; path = peprocessor.h; sourceTree = "<group>"; };
		3902FFB3246666D1000E8C7C /* htmlreporter.cpp */ = {isa = PBXFileReference; fileEncoding = 4; lastKnownFileType = sourcecode.cpp.cpp; path = htmlreporter.cpp; sourceTree = "<group>"; };
		3902FFB4246666D1000E8C7C /* fastqreader.cpp */ = {isa = PBXFileReference; fileEncoding = 4; lastKnownFileType = sourcecode.cpp.cpp; path = fastqreader.cpp; sourceTree = "<group>"; };
		3902FFB5246666D1000E8C7C /* options.cpp */ = {isa = PBXFileReference; fileEncoding = 4; lastKnownFileType = sourcecode.cpp.cpp; path = options.cpp; sourceTree = "<group>"; };
		3902FFB6246666D1000E8C7C /* overlapanalysis.h */ = {isa = PBXFileReference; fileEncoding = 4; lastKnownFileType = sourcecode.c.h; path = overlapanalysis.h; sourceTree = "<group>"; };
		3902FFB7246666D1000E8C7C /* umiprocessor.cpp */ = {isa = PBXFileReference; fileEncoding = 4; lastKnownFileType = sourcecode.cpp.cpp; path = umiprocessor.cpp; sourceTree = "<group>"; };
		3902FFB8246666D1000E8C7C /* options.h */ = {isa = PBXFileReference; fileEncoding = 4; lastKnownFileType = sourcecode.c.h; path = options.h; sourceTree = "<group>"; };
		3902FFB9246666D1000E8C7C /* filter.cpp */ = {isa = PBXFileReference; fileEncoding = 4; lastKnownFileType = sourcecode.cpp.cpp; path = filter.cpp; sourceTree = "<group>"; };
		3902FFBB246666D1000E8C7C /* zutil.h */ = {isa = PBXFileReference; fileEncoding = 4; lastKnownFileType = sourcecode.c.h; path = zutil.h; sourceTree = "<group>"; };
		3902FFBC246666D1000E8C7C /* inftrees.h */ = {isa = PBXFileReference; fileEncoding = 4; lastKnownFileType = sourcecode.c.h; path = inftrees.h; sourceTree = "<group>"; };
		3902FFBD246666D1000E8C7C /* inffixed.h */ = {isa = PBXFileReference; fileEncoding = 4; lastKnownFileType = sourcecode.c.h; path = inffixed.h; sourceTree = "<group>"; };
		3902FFBE246666D1000E8C7C /* trees.h */ = {isa = PBXFileReference; fileEncoding = 4; lastKnownFileType = sourcecode.c.h; path = trees.h; sourceTree = "<group>"; };
		3902FFBF246666D1000E8C7C /* inffast.h */ = {isa = PBXFileReference; fileEncoding = 4; lastKnownFileType = sourcecode.c.h; path = inffast.h; sourceTree = "<group>"; };
		3902FFC0246666D1000E8C7C /* deflate.h */ = {isa = PBXFileReference; fileEncoding = 4; lastKnownFileType = sourcecode.c.h; path = deflate.h; sourceTree = "<group>"; };
		3902FFC1246666D1000E8C7C /* gzguts.h */ = {isa = PBXFileReference; fileEncoding = 4; lastKnownFileType = sourcecode.c.h; path = gzguts.h; sourceTree = "<group>"; };
		3902FFC2246666D1000E8C7C /* zlib.h */ = {isa = PBXFileReference; fileEncoding = 4; lastKnownFileType = sourcecode.c.h; path = zlib.h; sourceTree = "<group>"; };
		3902FFC3246666D1000E8C7C /* inflate.h */ = {isa = PBXFileReference; fileEncoding = 4; lastKnownFileType = sourcecode.c.h; path = inflate.h; sourceTree = "<group>"; };
		3902FFC4246666D1000E8C7C /* crc32.h */ = {isa = PBXFileReference; fileEncoding = 4; lastKnownFileType = sourcecode.c.h; path = crc32.h; sourceTree = "<group>"; };
		3902FFC5246666D1000E8C7C /* zconf.h */ = {isa = PBXFileReference; fileEncoding = 4; lastKnownFileType = sourcecode.c.h; path = zconf.h; sourceTree = "<group>"; };
		3902FFC6246666D1000E8C7C /* evaluator.cpp */ = {isa = PBXFileReference; fileEncoding = 4; lastKnownFileType = sourcecode.cpp.cpp; path = evaluator.cpp; sourceTree = "<group>"; };
		3902FFC7246666D1000E8C7C /* fastareader.cpp */ = {isa = PBXFileReference; fileEncoding = 4; lastKnownFileType = sourcecode.cpp.cpp; path = fastareader.cpp; sourceTree = "<group>"; };
		3902FFC8246666D1000E8C7C /* sequence.cpp */ = {isa = PBXFileReference; fileEncoding = 4; lastKnownFileType = sourcecode.cpp.cpp; path = sequence.cpp; sourceTree = "<group>"; };
		3902FFC9246666D1000E8C7C /* filterresult.cpp */ = {isa = PBXFileReference; fileEncoding = 4; lastKnownFileType = sourcecode.cpp.cpp; path = filterresult.cpp; sourceTree = "<group>"; };
		3902FFCA246666D1000E8C7C /* duplicate.h */ = {isa = PBXFileReference; fileEncoding = 4; lastKnownFileType = sourcecode.c.h; path = duplicate.h; sourceTree = "<group>"; };
		3902FFCB246666D1000E8C7C /* duplicate.cpp */ = {isa = PBXFileReference; fileEncoding = 4; lastKnownFileType = sourcecode.cpp.cpp; path = duplicate.cpp; sourceTree = "<group>"; };
		3902FFCC246666D1000E8C7C /* common.h */ = {isa = PBXFileReference; fileEncoding = 4; lastKnownFileType = sourcecode.c.h; path = common.h; sourceTree = "<group>"; };
		3902FFCD246666D1000E8C7C /* sequence.h */ = {isa = PBXFileReference; fileEncoding = 4; lastKnownFileType = sourcecode.c.h; path = sequence.h; sourceTree = "<group>"; };
		3902FFCE246666D1000E8C7C /* umiprocessor.h */ = {isa = PBXFileReference; fileEncoding = 4; lastKnownFileType = sourcecode.c.h; path = umiprocessor.h; sourceTree = "<group>"; };
		3902FFCF246666D1000E8C7C /* util.h */ = {isa = PBXFileReference; fileEncoding = 4; lastKnownFileType = sourcecode.c.h; path = util.h; sourceTree = "<group>"; };
		3902FFD0246666D1000E8C7C /* writer.h */ = {isa = PBXFileReference; fileEncoding = 4; lastKnownFileType = sourcecode.c.h; path = writer.h; sourceTree = "<group>"; };
		3902FFD1246666D1000E8C7C /* read.h */ = {isa = PBXFileReference; fileEncoding = 4; lastKnownFileType = sourcecode.c.h; path = read.h; sourceTree = "<group>"; };
		3902FFD2246666D1000E8C7C /* nucleotidetree.cpp */ = {isa = PBXFileReference; fileEncoding = 4; lastKnownFileType = sourcecode.cpp.cpp; path = nucleotidetree.cpp; sourceTree = "<group>"; };
		3902FFD3246666D1000E8C7C /* filter.h */ = {isa = PBXFileReference; fileEncoding = 4; lastKnownFileType = sourcecode.c.h; path = filter.h; sourceTree = "<group>"; };
		3902FFD4246666D1000E8C7C /* main.cpp */ = {isa = PBXFileReference; fileEncoding = 4; lastKnownFileType = sourcecode.cpp.cpp; path = main.cpp; sourceTree = "<group>"; };
		3902FFD5246666D1000E8C7C /* fastqreader.h */ = {isa = PBXFileReference; fileEncoding = 4; lastKnownFileType = sourcecode.c.h; path = fastqreader.h; sourceTree = "<group>"; };
		3902FFD6246666D1000E8C7C /* stats.h */ = {isa = PBXFileReference; fileEncoding = 4; lastKnownFileType = sourcecode.c.h; path = stats.h; sourceTree = "<group>"; };
		3902FFD7246666D1000E8C7C /* filterresult.h */ = {isa = PBXFileReference; fileEncoding = 4; lastKnownFileType = sourcecode.c.h; path = filterresult.h; sourceTree = "<group>"; };
		3902FFD8246666D1000E8C7C /* jsonreporter.h */ = {isa = PBXFileReference; fileEncoding = 4; lastKnownFileType = sourcecode.c.h; path = jsonreporter.h; sourceTree = "<group>"; };
		3902FFD9246666D1000E8C7C /* unittest.cpp */ = {isa = PBXFileReference; fileEncoding = 4; lastKnownFileType = sourcecode.cpp.cpp; path = unittest.cpp; sourceTree = "<group>"; };
		3902FFDA246666D1000E8C7C /* writer.cpp */ = {isa = PBXFileReference; fileEncoding = 4; lastKnownFileType = sourcecode.cpp.cpp; path = writer.cpp; sourceTree = "<group>"; };
		3902FFDB246666D1000E8C7C /* polyx.h */ = {isa = PBXFileReference; fileEncoding = 4; lastKnownFileType = sourcecode.c.h; path = polyx.h; sourceTree = "<group>"; };
		3902FFDC246666D1000E8C7C /* knownadapters.h */ = {isa = PBXFileReference; fileEncoding = 4; lastKnownFileType = sourcecode.c.h; path = knownadapters.h; sourceTree = "<group>"; };
		3902FFDD246666D1000E8C7C /* polyx.cpp */ = {isa = PBXFileReference; fileEncoding = 4; lastKnownFileType = sourcecode.cpp.cpp; path = polyx.cpp; sourceTree = "<group>"; };
		3902FFF824666E1F000E8C7C /* test_readfastq_main.cpp */ = {isa = PBXFileReference; lastKnownFileType = sourcecode.cpp.cpp; name = test_readfastq_main.cpp; path = min_tests/test_readfastq_main.cpp; sourceTree = "<group>"; };
		3902FFFA24666EBC000E8C7C /* R1.fq */ = {isa = PBXFileReference; fileEncoding = 4; lastKnownFileType = text; path = R1.fq; sourceTree = "<group>"; };
		3902FFFB24666EBC000E8C7C /* R2.fq */ = {isa = PBXFileReference; fileEncoding = 4; lastKnownFileType = text; path = R2.fq; sourceTree = "<group>"; };
		3902FFFC246680F4000E8C7C /* test_read.cpp */ = {isa = PBXFileReference; lastKnownFileType = sourcecode.cpp.cpp; name = test_read.cpp; path = min_tests/test_read.cpp; sourceTree = "<group>"; };
/* End PBXFileReference section */

/* Begin PBXFrameworksBuildPhase section */
		3902FF8B246664AD000E8C7C /* Frameworks */ = {
			isa = PBXFrameworksBuildPhase;
			buildActionMask = 2147483647;
			files = (
			);
			runOnlyForDeploymentPostprocessing = 0;
		};
/* End PBXFrameworksBuildPhase section */

/* Begin PBXGroup section */
		3902FF85246664AD000E8C7C = {
			isa = PBXGroup;
			children = (
				3902FF90246664AD000E8C7C /* fastq */,
				3902FF8F246664AD000E8C7C /* Products */,
			);
			sourceTree = "<group>";
		};
		3902FF8F246664AD000E8C7C /* Products */ = {
			isa = PBXGroup;
			children = (
				3902FF8E246664AD000E8C7C /* fastq */,
			);
			name = Products;
			sourceTree = "<group>";
		};
		3902FF90246664AD000E8C7C /* fastq */ = {
			isa = PBXGroup;
			children = (
				3902FFFA24666EBC000E8C7C /* R1.fq */,
				3902FFFB24666EBC000E8C7C /* R2.fq */,
				3902FF9A246666D1000E8C7C /* src */,
			);
			path = fastq;
			sourceTree = "<group>";
		};
		3902FF9A246666D1000E8C7C /* src */ = {
			isa = PBXGroup;
			children = (
				3902FFA8246666D1000E8C7C /* adaptertrimmer.cpp */,
				3902FFB0246666D1000E8C7C /* adaptertrimmer.h */,
				3902FFA2246666D1000E8C7C /* basecorrector.cpp */,
				3902FFAA246666D1000E8C7C /* basecorrector.h */,
				3902FFAF246666D1000E8C7C /* cmdline.h */,
				3902FFCC246666D1000E8C7C /* common.h */,
				3902FFCB246666D1000E8C7C /* duplicate.cpp */,
				3902FFCA246666D1000E8C7C /* duplicate.h */,
				3902FFC6246666D1000E8C7C /* evaluator.cpp */,
				3902FF9E246666D1000E8C7C /* evaluator.h */,
				3902FFC7246666D1000E8C7C /* fastareader.cpp */,
				3902FF9F246666D1000E8C7C /* fastareader.h */,
				3902FFB4246666D1000E8C7C /* fastqreader.cpp */,
				3902FFD5246666D1000E8C7C /* fastqreader.h */,
				3902FFB9246666D1000E8C7C /* filter.cpp */,
				3902FFD3246666D1000E8C7C /* filter.h */,
				3902FFC9246666D1000E8C7C /* filterresult.cpp */,
				3902FFD7246666D1000E8C7C /* filterresult.h */,
				3902FFB3246666D1000E8C7C /* htmlreporter.cpp */,
				3902FFA6246666D1000E8C7C /* htmlreporter.h */,
				3902FF9D246666D1000E8C7C /* jsonreporter.cpp */,
				3902FFD8246666D1000E8C7C /* jsonreporter.h */,
				3902FFDC246666D1000E8C7C /* knownadapters.h */,
				3902FFD4246666D1000E8C7C /* main.cpp */,
				3902FFD2246666D1000E8C7C /* nucleotidetree.cpp */,
				3902FFAC246666D1000E8C7C /* nucleotidetree.h */,
				3902FFB5246666D1000E8C7C /* options.cpp */,
				3902FFB8246666D1000E8C7C /* options.h */,
				3902FFA7246666D1000E8C7C /* overlapanalysis.cpp */,
				3902FFB6246666D1000E8C7C /* overlapanalysis.h */,
				3902FF9C246666D1000E8C7C /* peprocessor.cpp */,
				3902FFB2246666D1000E8C7C /* peprocessor.h */,
				3902FFDD246666D1000E8C7C /* polyx.cpp */,
				3902FFDB246666D1000E8C7C /* polyx.h */,
				3902FFAD246666D1000E8C7C /* processor.cpp */,
				3902FFA3246666D1000E8C7C /* processor.h */,
				3902FFA9246666D1000E8C7C /* read.cpp */,
				3902FFFC246680F4000E8C7C /* test_read.cpp */,
				3902FFD1246666D1000E8C7C /* read.h */,
				3902FFA4246666D1000E8C7C /* seprocessor.cpp */,
				3902FFA0246666D1000E8C7C /* seprocessor.h */,
				3902FFC8246666D1000E8C7C /* sequence.cpp */,
				3902FFCD246666D1000E8C7C /* sequence.h */,
				3902FFAE246666D1000E8C7C /* stats.cpp */,
				3902FFD6246666D1000E8C7C /* stats.h */,
				3902FFF824666E1F000E8C7C /* test_readfastq_main.cpp */,
				3902FFA1246666D1000E8C7C /* threadconfig.cpp */,
				3902FFAB246666D1000E8C7C /* threadconfig.h */,
				3902FFB7246666D1000E8C7C /* umiprocessor.cpp */,
				3902FFCE246666D1000E8C7C /* umiprocessor.h */,
				3902FFD9246666D1000E8C7C /* unittest.cpp */,
				3902FFB1246666D1000E8C7C /* unittest.h */,
				3902FFCF246666D1000E8C7C /* util.h */,
				3902FFDA246666D1000E8C7C /* writer.cpp */,
				3902FFD0246666D1000E8C7C /* writer.h */,
				3902FFA5246666D1000E8C7C /* writerthread.cpp */,
				3902FF9B246666D1000E8C7C /* writerthread.h */,
				3902FFBA246666D1000E8C7C /* zlib */,
			);
			path = src;
			sourceTree = "<group>";
		};
		3902FFBA246666D1000E8C7C /* zlib */ = {
			isa = PBXGroup;
			children = (
				3902FFBB246666D1000E8C7C /* zutil.h */,
				3902FFBC246666D1000E8C7C /* inftrees.h */,
				3902FFBD246666D1000E8C7C /* inffixed.h */,
				3902FFBE246666D1000E8C7C /* trees.h */,
				3902FFBF246666D1000E8C7C /* inffast.h */,
				3902FFC0246666D1000E8C7C /* deflate.h */,
				3902FFC1246666D1000E8C7C /* gzguts.h */,
				3902FFC2246666D1000E8C7C /* zlib.h */,
				3902FFC3246666D1000E8C7C /* inflate.h */,
				3902FFC4246666D1000E8C7C /* crc32.h */,
				3902FFC5246666D1000E8C7C /* zconf.h */,
			);
			path = zlib;
			sourceTree = "<group>";
		};
/* End PBXGroup section */

/* Begin PBXNativeTarget section */
		3902FF8D246664AD000E8C7C /* fastq */ = {
			isa = PBXNativeTarget;
			buildConfigurationList = 3902FF95246664AD000E8C7C /* Build configuration list for PBXNativeTarget "fastq" */;
			buildPhases = (
				3902FF8A246664AD000E8C7C /* Sources */,
				3902FF8B246664AD000E8C7C /* Frameworks */,
				3902FF8C246664AD000E8C7C /* CopyFiles */,
			);
			buildRules = (
			);
			dependencies = (
			);
			name = fastq;
			productName = fastq;
			productReference = 3902FF8E246664AD000E8C7C /* fastq */;
			productType = "com.apple.product-type.tool";
		};
/* End PBXNativeTarget section */

/* Begin PBXProject section */
		3902FF86246664AD000E8C7C /* Project object */ = {
			isa = PBXProject;
			attributes = {
				LastUpgradeCheck = 1140;
				ORGANIZATIONNAME = "Min Zhang";
				TargetAttributes = {
					3902FF8D246664AD000E8C7C = {
						CreatedOnToolsVersion = 11.4.1;
					};
				};
			};
			buildConfigurationList = 3902FF89246664AD000E8C7C /* Build configuration list for PBXProject "fastq" */;
			compatibilityVersion = "Xcode 9.3";
			developmentRegion = en;
			hasScannedForEncodings = 0;
			knownRegions = (
				en,
				Base,
			);
			mainGroup = 3902FF85246664AD000E8C7C;
			productRefGroup = 3902FF8F246664AD000E8C7C /* Products */;
			projectDirPath = "";
			projectRoot = "";
			targets = (
				3902FF8D246664AD000E8C7C /* fastq */,
			);
		};
/* End PBXProject section */

/* Begin PBXSourcesBuildPhase section */
		3902FF8A246664AD000E8C7C /* Sources */ = {
			isa = PBXSourcesBuildPhase;
			buildActionMask = 2147483647;
			files = (
				3902FFEF246666D1000E8C7C /* fastareader.cpp in Sources */,
				3902FFFD246680F4000E8C7C /* test_read.cpp in Sources */,
				3902FFE3246666D1000E8C7C /* writerthread.cpp in Sources */,
				3902FFF2246666D1000E8C7C /* duplicate.cpp in Sources */,
				3902FFF1246666D1000E8C7C /* filterresult.cpp in Sources */,
				3902FFED246666D1000E8C7C /* filter.cpp in Sources */,
				3902FFE9246666D1000E8C7C /* htmlreporter.cpp in Sources */,
				3902FFE1246666D1000E8C7C /* basecorrector.cpp in Sources */,
				3902FFF4246666D1000E8C7C /* main.cpp in Sources */,
				3902FFF3246666D1000E8C7C /* nucleotidetree.cpp in Sources */,
				3902FFE6246666D1000E8C7C /* read.cpp in Sources */,
				3902FFDF246666D1000E8C7C /* jsonreporter.cpp in Sources */,
				3902FFE7246666D1000E8C7C /* processor.cpp in Sources */,
				3902FFE4246666D1000E8C7C /* overlapanalysis.cpp in Sources */,
				3902FFF0246666D1000E8C7C /* sequence.cpp in Sources */,
				3902FFE5246666D1000E8C7C /* adaptertrimmer.cpp in Sources */,
				3902FFE0246666D1000E8C7C /* threadconfig.cpp in Sources */,
				3902FFF924666E1F000E8C7C /* test_readfastq_main.cpp in Sources */,
				3902FFE8246666D1000E8C7C /* stats.cpp in Sources */,
				3902FFEE246666D1000E8C7C /* evaluator.cpp in Sources */,
				3902FFDE246666D1000E8C7C /* peprocessor.cpp in Sources */,
				3902FFE2246666D1000E8C7C /* seprocessor.cpp in Sources */,
				3902FFF6246666D1000E8C7C /* writer.cpp in Sources */,
				3902FFEB246666D1000E8C7C /* options.cpp in Sources */,
				3902FFF7246666D1000E8C7C /* polyx.cpp in Sources */,
				3902FFF5246666D1000E8C7C /* unittest.cpp in Sources */,
				3902FFEA246666D1000E8C7C /* fastqreader.cpp in Sources */,
				3902FFEC246666D1000E8C7C /* umiprocessor.cpp in Sources */,
			);
			runOnlyForDeploymentPostprocessing = 0;
		};
/* End PBXSourcesBuildPhase section */

/* Begin XCBuildConfiguration section */
		3902FF93246664AD000E8C7C /* Debug */ = {
			isa = XCBuildConfiguration;
			buildSettings = {
				ALWAYS_SEARCH_USER_PATHS = NO;
				CLANG_ANALYZER_NONNULL = YES;
				CLANG_ANALYZER_NUMBER_OBJECT_CONVERSION = YES_AGGRESSIVE;
				CLANG_CXX_LANGUAGE_STANDARD = "gnu++14";
				CLANG_CXX_LIBRARY = "libc++";
				CLANG_ENABLE_MODULES = YES;
				CLANG_ENABLE_OBJC_ARC = YES;
				CLANG_ENABLE_OBJC_WEAK = YES;
				CLANG_WARN_BLOCK_CAPTURE_AUTORELEASING = YES;
				CLANG_WARN_BOOL_CONVERSION = YES;
				CLANG_WARN_COMMA = YES;
				CLANG_WARN_CONSTANT_CONVERSION = YES;
				CLANG_WARN_DEPRECATED_OBJC_IMPLEMENTATIONS = YES;
				CLANG_WARN_DIRECT_OBJC_ISA_USAGE = YES_ERROR;
				CLANG_WARN_DOCUMENTATION_COMMENTS = YES;
				CLANG_WARN_EMPTY_BODY = YES;
				CLANG_WARN_ENUM_CONVERSION = YES;
				CLANG_WARN_INFINITE_RECURSION = YES;
				CLANG_WARN_INT_CONVERSION = YES;
				CLANG_WARN_NON_LITERAL_NULL_CONVERSION = YES;
				CLANG_WARN_OBJC_IMPLICIT_RETAIN_SELF = YES;
				CLANG_WARN_OBJC_LITERAL_CONVERSION = YES;
				CLANG_WARN_OBJC_ROOT_CLASS = YES_ERROR;
				CLANG_WARN_RANGE_LOOP_ANALYSIS = YES;
				CLANG_WARN_STRICT_PROTOTYPES = YES;
				CLANG_WARN_SUSPICIOUS_MOVE = YES;
				CLANG_WARN_UNGUARDED_AVAILABILITY = YES_AGGRESSIVE;
				CLANG_WARN_UNREACHABLE_CODE = YES;
				CLANG_WARN__DUPLICATE_METHOD_MATCH = YES;
				COPY_PHASE_STRIP = NO;
				DEBUG_INFORMATION_FORMAT = dwarf;
				ENABLE_STRICT_OBJC_MSGSEND = YES;
				ENABLE_TESTABILITY = YES;
				GCC_C_LANGUAGE_STANDARD = gnu11;
				GCC_DYNAMIC_NO_PIC = NO;
				GCC_NO_COMMON_BLOCKS = YES;
				GCC_OPTIMIZATION_LEVEL = 0;
				GCC_PREPROCESSOR_DEFINITIONS = (
					"DEBUG=1",
					"$(inherited)",
				);
				GCC_WARN_64_TO_32_BIT_CONVERSION = YES;
				GCC_WARN_ABOUT_RETURN_TYPE = YES_ERROR;
				GCC_WARN_UNDECLARED_SELECTOR = YES;
				GCC_WARN_UNINITIALIZED_AUTOS = YES_AGGRESSIVE;
				GCC_WARN_UNUSED_FUNCTION = YES;
				GCC_WARN_UNUSED_VARIABLE = YES;
				MACOSX_DEPLOYMENT_TARGET = 10.15;
				MTL_ENABLE_DEBUG_INFO = INCLUDE_SOURCE;
				MTL_FAST_MATH = YES;
				ONLY_ACTIVE_ARCH = YES;
				SDKROOT = macosx;
			};
			name = Debug;
		};
		3902FF94246664AD000E8C7C /* Release */ = {
			isa = XCBuildConfiguration;
			buildSettings = {
				ALWAYS_SEARCH_USER_PATHS = NO;
				CLANG_ANALYZER_NONNULL = YES;
				CLANG_ANALYZER_NUMBER_OBJECT_CONVERSION = YES_AGGRESSIVE;
				CLANG_CXX_LANGUAGE_STANDARD = "gnu++14";
				CLANG_CXX_LIBRARY = "libc++";
				CLANG_ENABLE_MODULES = YES;
				CLANG_ENABLE_OBJC_ARC = YES;
				CLANG_ENABLE_OBJC_WEAK = YES;
				CLANG_WARN_BLOCK_CAPTURE_AUTORELEASING = YES;
				CLANG_WARN_BOOL_CONVERSION = YES;
				CLANG_WARN_COMMA = YES;
				CLANG_WARN_CONSTANT_CONVERSION = YES;
				CLANG_WARN_DEPRECATED_OBJC_IMPLEMENTATIONS = YES;
				CLANG_WARN_DIRECT_OBJC_ISA_USAGE = YES_ERROR;
				CLANG_WARN_DOCUMENTATION_COMMENTS = YES;
				CLANG_WARN_EMPTY_BODY = YES;
				CLANG_WARN_ENUM_CONVERSION = YES;
				CLANG_WARN_INFINITE_RECURSION = YES;
				CLANG_WARN_INT_CONVERSION = YES;
				CLANG_WARN_NON_LITERAL_NULL_CONVERSION = YES;
				CLANG_WARN_OBJC_IMPLICIT_RETAIN_SELF = YES;
				CLANG_WARN_OBJC_LITERAL_CONVERSION = YES;
				CLANG_WARN_OBJC_ROOT_CLASS = YES_ERROR;
				CLANG_WARN_RANGE_LOOP_ANALYSIS = YES;
				CLANG_WARN_STRICT_PROTOTYPES = YES;
				CLANG_WARN_SUSPICIOUS_MOVE = YES;
				CLANG_WARN_UNGUARDED_AVAILABILITY = YES_AGGRESSIVE;
				CLANG_WARN_UNREACHABLE_CODE = YES;
				CLANG_WARN__DUPLICATE_METHOD_MATCH = YES;
				COPY_PHASE_STRIP = NO;
				DEBUG_INFORMATION_FORMAT = "dwarf-with-dsym";
				ENABLE_NS_ASSERTIONS = NO;
				ENABLE_STRICT_OBJC_MSGSEND = YES;
				GCC_C_LANGUAGE_STANDARD = gnu11;
				GCC_NO_COMMON_BLOCKS = YES;
				GCC_WARN_64_TO_32_BIT_CONVERSION = YES;
				GCC_WARN_ABOUT_RETURN_TYPE = YES_ERROR;
				GCC_WARN_UNDECLARED_SELECTOR = YES;
				GCC_WARN_UNINITIALIZED_AUTOS = YES_AGGRESSIVE;
				GCC_WARN_UNUSED_FUNCTION = YES;
				GCC_WARN_UNUSED_VARIABLE = YES;
				MACOSX_DEPLOYMENT_TARGET = 10.15;
				MTL_ENABLE_DEBUG_INFO = NO;
				MTL_FAST_MATH = YES;
				SDKROOT = macosx;
			};
			name = Release;
		};
		3902FF96246664AD000E8C7C /* Debug */ = {
			isa = XCBuildConfiguration;
			buildSettings = {
				CODE_SIGN_STYLE = Automatic;
				DEVELOPMENT_TEAM = 7RZ48J8GLV;
				ENABLE_HARDENED_RUNTIME = YES;
				"OTHER_LDFLAGS[arch=*]" = (
					"-lz",
					"-lpthread",
				);
				PRODUCT_NAME = "$(TARGET_NAME)";
			};
			name = Debug;
		};
		3902FF97246664AD000E8C7C /* Release */ = {
			isa = XCBuildConfiguration;
			buildSettings = {
				CODE_SIGN_STYLE = Automatic;
				DEVELOPMENT_TEAM = 7RZ48J8GLV;
				ENABLE_HARDENED_RUNTIME = YES;
				"OTHER_LDFLAGS[arch=*]" = (
					"-lz",
					"-lpthread",
				);
				PRODUCT_NAME = "$(TARGET_NAME)";
			};
			name = Release;
		};
/* End XCBuildConfiguration section */

/* Begin XCConfigurationList section */
		3902FF89246664AD000E8C7C /* Build configuration list for PBXProject "fastq" */ = {
			isa = XCConfigurationList;
			buildConfigurations = (
				3902FF93246664AD000E8C7C /* Debug */,
				3902FF94246664AD000E8C7C /* Release */,
			);
			defaultConfigurationIsVisible = 0;
			defaultConfigurationName = Debug;
		};
		3902FF95246664AD000E8C7C /* Build configuration list for PBXNativeTarget "fastq" */ = {
			isa = XCConfigurationList;
			buildConfigurations = (
				3902FF96246664AD000E8C7C /* Debug */,
				3902FF97246664AD000E8C7C /* Release */,
			);
			defaultConfigurationIsVisible = 0;
			defaultConfigurationName = Debug;
		};
/* End XCConfigurationList section */
	};
	rootObject = 3902FF86246664AD000E8C7C /* Project object */;
}
